
Microsoft Visual Studio Solution File, Format Version 12.00
# Visual Studio Version 16
VisualStudioVersion = 16.0.30309.148
MinimumVisualStudioVersion = 10.0.40219.1
Project("{FAE04EC0-301F-11D3-BF4B-00C04F79EFBC}") = "The Game Game (Part the First)", "The Game Game (Part the First)\The Game Game (Part the First).csproj", "{6A759B51-30DD-4EB5-B874-EC2651658252}"
EndProject
Global
	GlobalSection(SolutionConfigurationPlatforms) = preSolution
		Debug|Any CPU = Debug|Any CPU
		Release|Any CPU = Release|Any CPU
	EndGlobalSection
	GlobalSection(ProjectConfigurationPlatforms) = postSolution
		{6A759B51-30DD-4EB5-B874-EC2651658252}.Debug|Any CPU.ActiveCfg = Debug|Any CPU
		{6A759B51-30DD-4EB5-B874-EC2651658252}.Debug|Any CPU.Build.0 = Debug|Any CPU
		{6A759B51-30DD-4EB5-B874-EC2651658252}.Release|Any CPU.ActiveCfg = Release|Any CPU
		{6A759B51-30DD-4EB5-B874-EC2651658252}.Release|Any CPU.Build.0 = Release|Any CPU
	EndGlobalSection
	GlobalSection(SolutionProperties) = preSolution
		HideSolutionNode = FALSE
	EndGlobalSection
	GlobalSection(ExtensibilityGlobals) = postSolution
		SolutionGuid = {C7618612-B413-45C7-AEDF-999D068698ED}
	EndGlobalSection
EndGlobal
